<?xml version="1.0" encoding="UTF-8" standalone="yes" ?>
<CodeBlocks_project_file>
	<FileVersion major="1" minor="6" />
	<Project>
		<Option title="TPAux" />
		<Option pch_mode="2" />
		<Option compiler="gcc" />
		<Build>
			<Target title="Debug">
				<Option output="bin/Debug/TPAux" prefix_auto="1" extension_auto="1" />
				<Option object_output="obj/Debug/" />
				<Option type="1" />
				<Option compiler="gcc" />
				<Compiler>
					<Add option="-g" />
				</Compiler>
			</Target>
			<Target title="Release">
				<Option output="bin/Release/TPAux" prefix_auto="1" extension_auto="1" />
				<Option object_output="obj/Release/" />
				<Option type="1" />
				<Option compiler="gcc" />
				<Compiler>
					<Add option="-O2" />
				</Compiler>
				<Linker>
					<Add option="-s" />
				</Linker>
			</Target>
		</Build>
		<Compiler>
			<Add option="-Wall" />
			<Add option="-fexceptions" />
		</Compiler>
		<Unit filename="clases/archivos/Comanda.cpp" />
		<Unit filename="clases/archivos/Comanda.h" />
		<Unit filename="clases/archivos/Mina.cpp" />
		<Unit filename="clases/archivos/Mina.h" />
		<Unit filename="clases/archivos/Parametros.cpp" />
		<Unit filename="clases/archivos/Parametros.h" />
		<Unit filename="clases/entidades/Caja.cpp" />
		<Unit filename="clases/entidades/Caja.h" />
		<Unit filename="clases/entidades/Locomotora.cpp" />
		<Unit filename="clases/entidades/Locomotora.h" />
		<Unit filename="clases/entidades/Vagon.cpp" />
		<Unit filename="clases/entidades/Vagon.h" />
		<Unit filename="clases/funciones/Funciones.cpp" />
		<Unit filename="clases/funciones/Funciones.h" />
		<Unit filename="clases/listas/ListaGen.cpp" />
		<Unit filename="clases/listas/ListaGen.h" />
		<Unit filename="main.cpp" />
		<Extensions>
			<code_completion />
			<envvars />
			<debugger />
			<lib_finder disable_auto="1" />
		</Extensions>
	</Project>
</CodeBlocks_project_file>
